
Microsoft Visual Studio Solution File, Format Version 12.00
# Visual Studio Version 16
VisualStudioVersion = 16.0.29806.167
MinimumVisualStudioVersion = 10.0.40219.1
Project("{9092AA53-FB77-4645-B42D-1CCCA6BD08BD}") = "ExpressApp1", "ExpressApp1\ExpressApp1.njsproj", "{57B01665-2F03-4945-8820-82830AC00648}"
EndProject
Global
	GlobalSection(SolutionConfigurationPlatforms) = preSolution
		Debug|Any CPU = Debug|Any CPU
		Release|Any CPU = Release|Any CPU
	EndGlobalSection
	GlobalSection(ProjectConfigurationPlatforms) = postSolution
		{57B01665-2F03-4945-8820-82830AC00648}.Debug|Any CPU.ActiveCfg = Debug|Any CPU
		{57B01665-2F03-4945-8820-82830AC00648}.Debug|Any CPU.Build.0 = Debug|Any CPU
		{57B01665-2F03-4945-8820-82830AC00648}.Release|Any CPU.ActiveCfg = Release|Any CPU
		{57B01665-2F03-4945-8820-82830AC00648}.Release|Any CPU.Build.0 = Release|Any CPU
	EndGlobalSection
	GlobalSection(SolutionProperties) = preSolution
		HideSolutionNode = FALSE
	EndGlobalSection
	GlobalSection(ExtensibilityGlobals) = postSolution
		SolutionGuid = {4AD0E76E-9AF9-4E88-B9DA-0C5DF8F4AE76}
	EndGlobalSection
EndGlobal
